// !$*UTF8*$!
{
	archiveVersion = 1;
	classes = {
	};
	objectVersion = 46;
	objects = {

/* Begin PBXBuildFile section */
		44045C241B09753100312FB1 /* FYBScoreView.m in Sources */ = {isa = PBXBuildFile; fileRef = 44045C231B09753100312FB1 /* FYBScoreView.m */; };
		44045C2A1B097DF000312FB1 /* FYBSharedConstants.m in Sources */ = {isa = PBXBuildFile; fileRef = 44045C291B097DF000312FB1 /* FYBSharedConstants.m */; };
		440B112F1B0223B00060867A /* main.m in Sources */ = {isa = PBXBuildFile; fileRef = 440B112E1B0223B00060867A /* main.m */; };
		440B11321B0223B00060867A /* AppDelegate.m in Sources */ = {isa = PBXBuildFile; fileRef = 440B11311B0223B00060867A /* AppDelegate.m */; };
		440B11341B0223B00060867A /* Images.xcassets in Resources */ = {isa = PBXBuildFile; fileRef = 440B11331B0223B00060867A /* Images.xcassets */; };
		440B11371B0223B00060867A /* LaunchScreen.xib in Resources */ = {isa = PBXBuildFile; fileRef = 440B11351B0223B00060867A /* LaunchScreen.xib */; };
		440B11431B0223B00060867A /* FYB_ScoringTests.m in Sources */ = {isa = PBXBuildFile; fileRef = 440B11421B0223B00060867A /* FYB_ScoringTests.m */; };
		440B114E1B0224490060867A /* FYBInitialViewController.m in Sources */ = {isa = PBXBuildFile; fileRef = 440B114D1B0224490060867A /* FYBInitialViewController.m */; };
		44683B621B055A20006AC0E0 /* FYBScoringCell.m in Sources */ = {isa = PBXBuildFile; fileRef = 44683B611B055A20006AC0E0 /* FYBScoringCell.m */; };
		44AFC7651B04CD730006218E /* FYBScoringTableViewController.m in Sources */ = {isa = PBXBuildFile; fileRef = 44AFC7641B04CD730006218E /* FYBScoringTableViewController.m */; };
		44DF61CC1B099B4A007C91A2 /* FYBRound.m in Sources */ = {isa = PBXBuildFile; fileRef = 44DF61CB1B099B4A007C91A2 /* FYBRound.m */; };
		44DF61D01B09A299007C91A2 /* FYBSectionHeaderView.m in Sources */ = {isa = PBXBuildFile; fileRef = 44DF61CF1B09A299007C91A2 /* FYBSectionHeaderView.m */; };
		44DF61D51B09A8DE007C91A2 /* FYBEntry.m in Sources */ = {isa = PBXBuildFile; fileRef = 44DF61D41B09A8DE007C91A2 /* FYBEntry.m */; };
		44DF61D81B09A95A007C91A2 /* FYBPlayer.m in Sources */ = {isa = PBXBuildFile; fileRef = 44DF61D71B09A95A007C91A2 /* FYBPlayer.m */; };
		44F44CA21B03557000AC25AC /* FYBBaseViewController.m in Sources */ = {isa = PBXBuildFile; fileRef = 44F44CA11B03557000AC25AC /* FYBBaseViewController.m */; };
		44F44CA71B03582B00AC25AC /* UIColor+Extended.m in Sources */ = {isa = PBXBuildFile; fileRef = 44F44CA61B03582B00AC25AC /* UIColor+Extended.m */; };
		B106A14BF9E6F0363E506D7B /* libPods.a in Frameworks */ = {isa = PBXBuildFile; fileRef = 2CAEEA0C6A4CD1B8F9E7818D /* libPods.a */; };
/* End PBXBuildFile section */

/* Begin PBXContainerItemProxy section */
		440B113D1B0223B00060867A /* PBXContainerItemProxy */ = {
			isa = PBXContainerItemProxy;
			containerPortal = 440B11211B0223B00060867A /* Project object */;
			proxyType = 1;
			remoteGlobalIDString = 440B11281B0223B00060867A;
			remoteInfo = "FYB Scoring";
		};
/* End PBXContainerItemProxy section */

/* Begin PBXFileReference section */
		0528A6F9D78532B55ADF0451 /* Pods.release.xcconfig */ = {isa = PBXFileReference; includeInIndex = 1; lastKnownFileType = text.xcconfig; name = Pods.release.xcconfig; path = "Pods/Target Support Files/Pods/Pods.release.xcconfig"; sourceTree = "<group>"; };
		2CAEEA0C6A4CD1B8F9E7818D /* libPods.a */ = {isa = PBXFileReference; explicitFileType = archive.ar; includeInIndex = 0; path = libPods.a; sourceTree = BUILT_PRODUCTS_DIR; };
		3A72E6F2FC91EC4D0EB397C4 /* Pods.debug.xcconfig */ = {isa = PBXFileReference; includeInIndex = 1; lastKnownFileType = text.xcconfig; name = Pods.debug.xcconfig; path = "Pods/Target Support Files/Pods/Pods.debug.xcconfig"; sourceTree = "<group>"; };
		44045C221B09753100312FB1 /* FYBScoreView.h */ = {isa = PBXFileReference; fileEncoding = 4; lastKnownFileType = sourcecode.c.h; path = FYBScoreView.h; sourceTree = "<group>"; };
		44045C231B09753100312FB1 /* FYBScoreView.m */ = {isa = PBXFileReference; fileEncoding = 4; lastKnownFileType = sourcecode.c.objc; path = FYBScoreView.m; sourceTree = "<group>"; };
		44045C281B097DF000312FB1 /* FYBSharedConstants.h */ = {isa = PBXFileReference; fileEncoding = 4; lastKnownFileType = sourcecode.c.h; path = FYBSharedConstants.h; sourceTree = "<group>"; };
		44045C291B097DF000312FB1 /* FYBSharedConstants.m */ = {isa = PBXFileReference; fileEncoding = 4; lastKnownFileType = sourcecode.c.objc; path = FYBSharedConstants.m; sourceTree = "<group>"; };
		440B11291B0223B00060867A /* FYB Scoring.app */ = {isa = PBXFileReference; explicitFileType = wrapper.application; includeInIndex = 0; path = "FYB Scoring.app"; sourceTree = BUILT_PRODUCTS_DIR; };
		440B112D1B0223B00060867A /* Info.plist */ = {isa = PBXFileReference; lastKnownFileType = text.plist.xml; path = Info.plist; sourceTree = "<group>"; };
		440B112E1B0223B00060867A /* main.m */ = {isa = PBXFileReference; lastKnownFileType = sourcecode.c.objc; path = main.m; sourceTree = "<group>"; };
		440B11301B0223B00060867A /* AppDelegate.h */ = {isa = PBXFileReference; lastKnownFileType = sourcecode.c.h; path = AppDelegate.h; sourceTree = "<group>"; };
		440B11311B0223B00060867A /* AppDelegate.m */ = {isa = PBXFileReference; lastKnownFileType = sourcecode.c.objc; path = AppDelegate.m; sourceTree = "<group>"; };
		440B11331B0223B00060867A /* Images.xcassets */ = {isa = PBXFileReference; lastKnownFileType = folder.assetcatalog; path = Images.xcassets; sourceTree = "<group>"; };
		440B11361B0223B00060867A /* Base */ = {isa = PBXFileReference; lastKnownFileType = file.xib; name = Base; path = Base.lproj/LaunchScreen.xib; sourceTree = "<group>"; };
		440B113C1B0223B00060867A /* FYB ScoringTests.xctest */ = {isa = PBXFileReference; explicitFileType = wrapper.cfbundle; includeInIndex = 0; path = "FYB ScoringTests.xctest"; sourceTree = BUILT_PRODUCTS_DIR; };
		440B11411B0223B00060867A /* Info.plist */ = {isa = PBXFileReference; lastKnownFileType = text.plist.xml; path = Info.plist; sourceTree = "<group>"; };
		440B11421B0223B00060867A /* FYB_ScoringTests.m */ = {isa = PBXFileReference; lastKnownFileType = sourcecode.c.objc; path = FYB_ScoringTests.m; sourceTree = "<group>"; };
		440B114C1B0224490060867A /* FYBInitialViewController.h */ = {isa = PBXFileReference; fileEncoding = 4; lastKnownFileType = sourcecode.c.h; path = FYBInitialViewController.h; sourceTree = "<group>"; };
		440B114D1B0224490060867A /* FYBInitialViewController.m */ = {isa = PBXFileReference; fileEncoding = 4; lastKnownFileType = sourcecode.c.objc; path = FYBInitialViewController.m; sourceTree = "<group>"; };
		44683B601B055A20006AC0E0 /* FYBScoringCell.h */ = {isa = PBXFileReference; fileEncoding = 4; lastKnownFileType = sourcecode.c.h; path = FYBScoringCell.h; sourceTree = "<group>"; };
		44683B611B055A20006AC0E0 /* FYBScoringCell.m */ = {isa = PBXFileReference; fileEncoding = 4; lastKnownFileType = sourcecode.c.objc; path = FYBScoringCell.m; sourceTree = "<group>"; };
		44AFC7631B04CD730006218E /* FYBScoringTableViewController.h */ = {isa = PBXFileReference; fileEncoding = 4; lastKnownFileType = sourcecode.c.h; path = FYBScoringTableViewController.h; sourceTree = "<group>"; };
		44AFC7641B04CD730006218E /* FYBScoringTableViewController.m */ = {isa = PBXFileReference; fileEncoding = 4; lastKnownFileType = sourcecode.c.objc; path = FYBScoringTableViewController.m; sourceTree = "<group>"; };
		44DF61CA1B099B4A007C91A2 /* FYBRound.h */ = {isa = PBXFileReference; fileEncoding = 4; lastKnownFileType = sourcecode.c.h; path = FYBRound.h; sourceTree = "<group>"; };
		44DF61CB1B099B4A007C91A2 /* FYBRound.m */ = {isa = PBXFileReference; fileEncoding = 4; lastKnownFileType = sourcecode.c.objc; path = FYBRound.m; sourceTree = "<group>"; };
		44DF61CE1B09A299007C91A2 /* FYBSectionHeaderView.h */ = {isa = PBXFileReference; fileEncoding = 4; lastKnownFileType = sourcecode.c.h; path = FYBSectionHeaderView.h; sourceTree = "<group>"; };
		44DF61CF1B09A299007C91A2 /* FYBSectionHeaderView.m */ = {isa = PBXFileReference; fileEncoding = 4; lastKnownFileType = sourcecode.c.objc; path = FYBSectionHeaderView.m; sourceTree = "<group>"; };
		44DF61D31B09A8DE007C91A2 /* FYBEntry.h */ = {isa = PBXFileReference; fileEncoding = 4; lastKnownFileType = sourcecode.c.h; path = FYBEntry.h; sourceTree = "<group>"; };
		44DF61D41B09A8DE007C91A2 /* FYBEntry.m */ = {isa = PBXFileReference; fileEncoding = 4; lastKnownFileType = sourcecode.c.objc; path = FYBEntry.m; sourceTree = "<group>"; };
		44DF61D61B09A95A007C91A2 /* FYBPlayer.h */ = {isa = PBXFileReference; fileEncoding = 4; lastKnownFileType = sourcecode.c.h; path = FYBPlayer.h; sourceTree = "<group>"; };
		44DF61D71B09A95A007C91A2 /* FYBPlayer.m */ = {isa = PBXFileReference; fileEncoding = 4; lastKnownFileType = sourcecode.c.objc; path = FYBPlayer.m; sourceTree = "<group>"; };
		44F44CA01B03557000AC25AC /* FYBBaseViewController.h */ = {isa = PBXFileReference; fileEncoding = 4; lastKnownFileType = sourcecode.c.h; path = FYBBaseViewController.h; sourceTree = "<group>"; };
		44F44CA11B03557000AC25AC /* FYBBaseViewController.m */ = {isa = PBXFileReference; fileEncoding = 4; lastKnownFileType = sourcecode.c.objc; path = FYBBaseViewController.m; sourceTree = "<group>"; };
		44F44CA41B03579300AC25AC /* FYBScoring-Prefix.pch */ = {isa = PBXFileReference; lastKnownFileType = sourcecode.c.h; path = "FYBScoring-Prefix.pch"; sourceTree = "<group>"; };
		44F44CA51B03582B00AC25AC /* UIColor+Extended.h */ = {isa = PBXFileReference; fileEncoding = 4; lastKnownFileType = sourcecode.c.h; path = "UIColor+Extended.h"; sourceTree = "<group>"; };
		44F44CA61B03582B00AC25AC /* UIColor+Extended.m */ = {isa = PBXFileReference; fileEncoding = 4; lastKnownFileType = sourcecode.c.objc; path = "UIColor+Extended.m"; sourceTree = "<group>"; };
/* End PBXFileReference section */

/* Begin PBXFrameworksBuildPhase section */
		440B11261B0223B00060867A /* Frameworks */ = {
			isa = PBXFrameworksBuildPhase;
			buildActionMask = 2147483647;
			files = (
				B106A14BF9E6F0363E506D7B /* libPods.a in Frameworks */,
			);
			runOnlyForDeploymentPostprocessing = 0;
		};
		440B11391B0223B00060867A /* Frameworks */ = {
			isa = PBXFrameworksBuildPhase;
			buildActionMask = 2147483647;
			files = (
			);
			runOnlyForDeploymentPostprocessing = 0;
		};
/* End PBXFrameworksBuildPhase section */

/* Begin PBXGroup section */
		440B11201B0223B00060867A = {
			isa = PBXGroup;
			children = (
				440B112B1B0223B00060867A /* FYB Scoring */,
				440B113F1B0223B00060867A /* FYB ScoringTests */,
				440B112A1B0223B00060867A /* Products */,
				CB6B793D2D74E9118FA9976F /* Pods */,
				783452EF07A3586A4F2E8AF9 /* Frameworks */,
			);
			sourceTree = "<group>";
		};
		440B112A1B0223B00060867A /* Products */ = {
			isa = PBXGroup;
			children = (
				440B11291B0223B00060867A /* FYB Scoring.app */,
				440B113C1B0223B00060867A /* FYB ScoringTests.xctest */,
			);
			name = Products;
			sourceTree = "<group>";
		};
		440B112B1B0223B00060867A /* FYB Scoring */ = {
			isa = PBXGroup;
			children = (
				44DF61CD1B099B4C007C91A2 /* Model */,
				44F44CA81B03583300AC25AC /* Utilities */,
				44F44CA31B03557300AC25AC /* Reuse */,
				440B114F1B0224510060867A /* Screens */,
				440B112C1B0223B00060867A /* Supporting Files */,
			);
			path = "FYB Scoring";
			sourceTree = "<group>";
		};
		440B112C1B0223B00060867A /* Supporting Files */ = {
			isa = PBXGroup;
			children = (
				44045C281B097DF000312FB1 /* FYBSharedConstants.h */,
				44045C291B097DF000312FB1 /* FYBSharedConstants.m */,
				44F44CA41B03579300AC25AC /* FYBScoring-Prefix.pch */,
				440B11301B0223B00060867A /* AppDelegate.h */,
				440B11311B0223B00060867A /* AppDelegate.m */,
				440B11331B0223B00060867A /* Images.xcassets */,
				440B11351B0223B00060867A /* LaunchScreen.xib */,
				440B112D1B0223B00060867A /* Info.plist */,
				440B112E1B0223B00060867A /* main.m */,
			);
			name = "Supporting Files";
			sourceTree = "<group>";
		};
		440B113F1B0223B00060867A /* FYB ScoringTests */ = {
			isa = PBXGroup;
			children = (
				440B11421B0223B00060867A /* FYB_ScoringTests.m */,
				440B11401B0223B00060867A /* Supporting Files */,
			);
			path = "FYB ScoringTests";
			sourceTree = "<group>";
		};
		440B11401B0223B00060867A /* Supporting Files */ = {
			isa = PBXGroup;
			children = (
				440B11411B0223B00060867A /* Info.plist */,
			);
			name = "Supporting Files";
			sourceTree = "<group>";
		};
		440B114F1B0224510060867A /* Screens */ = {
			isa = PBXGroup;
			children = (
				440B11501B02245B0060867A /* Game Details */,
				44670CAB1B023728001B9144 /* Scoring Sheet */,
			);
			name = Screens;
			sourceTree = "<group>";
		};
		440B11501B02245B0060867A /* Game Details */ = {
			isa = PBXGroup;
			children = (
				440B114C1B0224490060867A /* FYBInitialViewController.h */,
				440B114D1B0224490060867A /* FYBInitialViewController.m */,
			);
			name = "Game Details";
			sourceTree = "<group>";
		};
		44670CAB1B023728001B9144 /* Scoring Sheet */ = {
			isa = PBXGroup;
			children = (
				44AFC7631B04CD730006218E /* FYBScoringTableViewController.h */,
				44AFC7641B04CD730006218E /* FYBScoringTableViewController.m */,
				44DF61D21B09A328007C91A2 /* Cells */,
				44DF61D11B09A2A0007C91A2 /* Title Header */,
			);
			name = "Scoring Sheet";
			sourceTree = "<group>";
		};
		44DF61CD1B099B4C007C91A2 /* Model */ = {
			isa = PBXGroup;
			children = (
				44DF61CA1B099B4A007C91A2 /* FYBRound.h */,
				44DF61CB1B099B4A007C91A2 /* FYBRound.m */,
				44DF61D31B09A8DE007C91A2 /* FYBEntry.h */,
				44DF61D41B09A8DE007C91A2 /* FYBEntry.m */,
				44DF61D61B09A95A007C91A2 /* FYBPlayer.h */,
				44DF61D71B09A95A007C91A2 /* FYBPlayer.m */,
			);
			name = Model;
			sourceTree = "<group>";
		};
		44DF61D11B09A2A0007C91A2 /* Title Header */ = {
			isa = PBXGroup;
			children = (
				44DF61CE1B09A299007C91A2 /* FYBSectionHeaderView.h */,
				44DF61CF1B09A299007C91A2 /* FYBSectionHeaderView.m */,
			);
			name = "Title Header";
			sourceTree = "<group>";
		};
		44DF61D21B09A328007C91A2 /* Cells */ = {
			isa = PBXGroup;
			children = (
				44683B601B055A20006AC0E0 /* FYBScoringCell.h */,
				44683B611B055A20006AC0E0 /* FYBScoringCell.m */,
				44DF61D91B09BB43007C91A2 /* Score View */,
			);
			name = Cells;
			sourceTree = "<group>";
		};
		44DF61D91B09BB43007C91A2 /* Score View */ = {
			isa = PBXGroup;
			children = (
				44045C221B09753100312FB1 /* FYBScoreView.h */,
				44045C231B09753100312FB1 /* FYBScoreView.m */,
			);
			name = "Score View";
			sourceTree = "<group>";
		};
		44F44CA31B03557300AC25AC /* Reuse */ = {
			isa = PBXGroup;
			children = (
				44F44CA01B03557000AC25AC /* FYBBaseViewController.h */,
				44F44CA11B03557000AC25AC /* FYBBaseViewController.m */,
			);
			name = Reuse;
			sourceTree = "<group>";
		};
		44F44CA81B03583300AC25AC /* Utilities */ = {
			isa = PBXGroup;
			children = (
				44F44CA91B03583900AC25AC /* Categories */,
			);
			name = Utilities;
			sourceTree = "<group>";
		};
		44F44CA91B03583900AC25AC /* Categories */ = {
			isa = PBXGroup;
			children = (
				44F44CA51B03582B00AC25AC /* UIColor+Extended.h */,
				44F44CA61B03582B00AC25AC /* UIColor+Extended.m */,
			);
			name = Categories;
			sourceTree = "<group>";
		};
		783452EF07A3586A4F2E8AF9 /* Frameworks */ = {
			isa = PBXGroup;
			children = (
				2CAEEA0C6A4CD1B8F9E7818D /* libPods.a */,
			);
			name = Frameworks;
			sourceTree = "<group>";
		};
		CB6B793D2D74E9118FA9976F /* Pods */ = {
			isa = PBXGroup;
			children = (
				3A72E6F2FC91EC4D0EB397C4 /* Pods.debug.xcconfig */,
				0528A6F9D78532B55ADF0451 /* Pods.release.xcconfig */,
			);
			name = Pods;
			sourceTree = "<group>";
		};
/* End PBXGroup section */

/* Begin PBXNativeTarget section */
		440B11281B0223B00060867A /* FYB Scoring */ = {
			isa = PBXNativeTarget;
			buildConfigurationList = 440B11461B0223B00060867A /* Build configuration list for PBXNativeTarget "FYB Scoring" */;
			buildPhases = (
				D097F4673458746C434AC762 /* Check Pods Manifest.lock */,
				440B11251B0223B00060867A /* Sources */,
				440B11261B0223B00060867A /* Frameworks */,
				440B11271B0223B00060867A /* Resources */,
				29988610ED7AFF65829D9889 /* Copy Pods Resources */,
			);
			buildRules = (
			);
			dependencies = (
			);
			name = "FYB Scoring";
			productName = "FYB Scoring";
			productReference = 440B11291B0223B00060867A /* FYB Scoring.app */;
			productType = "com.apple.product-type.application";
		};
		440B113B1B0223B00060867A /* FYB ScoringTests */ = {
			isa = PBXNativeTarget;
			buildConfigurationList = 440B11491B0223B00060867A /* Build configuration list for PBXNativeTarget "FYB ScoringTests" */;
			buildPhases = (
				440B11381B0223B00060867A /* Sources */,
				440B11391B0223B00060867A /* Frameworks */,
				440B113A1B0223B00060867A /* Resources */,
			);
			buildRules = (
			);
			dependencies = (
				440B113E1B0223B00060867A /* PBXTargetDependency */,
			);
			name = "FYB ScoringTests";
			productName = "FYB ScoringTests";
			productReference = 440B113C1B0223B00060867A /* FYB ScoringTests.xctest */;
			productType = "com.apple.product-type.bundle.unit-test";
		};
/* End PBXNativeTarget section */

/* Begin PBXProject section */
		440B11211B0223B00060867A /* Project object */ = {
			isa = PBXProject;
			attributes = {
				CLASSPREFIX = FYB;
				LastUpgradeCheck = 0630;
				ORGANIZATIONNAME = "Megan Efron";
				TargetAttributes = {
					440B11281B0223B00060867A = {
						CreatedOnToolsVersion = 6.3.1;
					};
					440B113B1B0223B00060867A = {
						CreatedOnToolsVersion = 6.3.1;
						TestTargetID = 440B11281B0223B00060867A;
					};
				};
			};
			buildConfigurationList = 440B11241B0223B00060867A /* Build configuration list for PBXProject "FYB Scoring" */;
			compatibilityVersion = "Xcode 3.2";
			developmentRegion = English;
			hasScannedForEncodings = 0;
			knownRegions = (
				en,
				Base,
			);
			mainGroup = 440B11201B0223B00060867A;
			productRefGroup = 440B112A1B0223B00060867A /* Products */;
			projectDirPath = "";
			projectRoot = "";
			targets = (
				440B11281B0223B00060867A /* FYB Scoring */,
				440B113B1B0223B00060867A /* FYB ScoringTests */,
			);
		};
/* End PBXProject section */

/* Begin PBXResourcesBuildPhase section */
		440B11271B0223B00060867A /* Resources */ = {
			isa = PBXResourcesBuildPhase;
			buildActionMask = 2147483647;
			files = (
				440B11371B0223B00060867A /* LaunchScreen.xib in Resources */,
				440B11341B0223B00060867A /* Images.xcassets in Resources */,
			);
			runOnlyForDeploymentPostprocessing = 0;
		};
		440B113A1B0223B00060867A /* Resources */ = {
			isa = PBXResourcesBuildPhase;
			buildActionMask = 2147483647;
			files = (
			);
			runOnlyForDeploymentPostprocessing = 0;
		};
/* End PBXResourcesBuildPhase section */

/* Begin PBXShellScriptBuildPhase section */
		29988610ED7AFF65829D9889 /* Copy Pods Resources */ = {
			isa = PBXShellScriptBuildPhase;
			buildActionMask = 2147483647;
			files = (
			);
			inputPaths = (
			);
			name = "Copy Pods Resources";
			outputPaths = (
			);
			runOnlyForDeploymentPostprocessing = 0;
			shellPath = /bin/sh;
			shellScript = "\"${SRCROOT}/Pods/Target Support Files/Pods/Pods-resources.sh\"\n";
			showEnvVarsInLog = 0;
		};
		D097F4673458746C434AC762 /* Check Pods Manifest.lock */ = {
			isa = PBXShellScriptBuildPhase;
			buildActionMask = 2147483647;
			files = (
			);
			inputPaths = (
			);
			name = "Check Pods Manifest.lock";
			outputPaths = (
			);
			runOnlyForDeploymentPostprocessing = 0;
			shellPath = /bin/sh;
			shellScript = "diff \"${PODS_ROOT}/../Podfile.lock\" \"${PODS_ROOT}/Manifest.lock\" > /dev/null\nif [[ $? != 0 ]] ; then\n    cat << EOM\nerror: The sandbox is not in sync with the Podfile.lock. Run 'pod install' or update your CocoaPods installation.\nEOM\n    exit 1\nfi\n";
			showEnvVarsInLog = 0;
		};
/* End PBXShellScriptBuildPhase section */

/* Begin PBXSourcesBuildPhase section */
		440B11251B0223B00060867A /* Sources */ = {
			isa = PBXSourcesBuildPhase;
			buildActionMask = 2147483647;
			files = (
				44DF61CC1B099B4A007C91A2 /* FYBRound.m in Sources */,
				44DF61D01B09A299007C91A2 /* FYBSectionHeaderView.m in Sources */,
				440B11321B0223B00060867A /* AppDelegate.m in Sources */,
				44045C241B09753100312FB1 /* FYBScoreView.m in Sources */,
				44DF61D51B09A8DE007C91A2 /* FYBEntry.m in Sources */,
				44AFC7651B04CD730006218E /* FYBScoringTableViewController.m in Sources */,
				44F44CA21B03557000AC25AC /* FYBBaseViewController.m in Sources */,
				44683B621B055A20006AC0E0 /* FYBScoringCell.m in Sources */,
				440B112F1B0223B00060867A /* main.m in Sources */,
				44045C2A1B097DF000312FB1 /* FYBSharedConstants.m in Sources */,
				44DF61D81B09A95A007C91A2 /* FYBPlayer.m in Sources */,
				44F44CA71B03582B00AC25AC /* UIColor+Extended.m in Sources */,
				440B114E1B0224490060867A /* FYBInitialViewController.m in Sources */,
			);
			runOnlyForDeploymentPostprocessing = 0;
		};
		440B11381B0223B00060867A /* Sources */ = {
			isa = PBXSourcesBuildPhase;
			buildActionMask = 2147483647;
			files = (
				440B11431B0223B00060867A /* FYB_ScoringTests.m in Sources */,
			);
			runOnlyForDeploymentPostprocessing = 0;
		};
/* End PBXSourcesBuildPhase section */

/* Begin PBXTargetDependency section */
		440B113E1B0223B00060867A /* PBXTargetDependency */ = {
			isa = PBXTargetDependency;
			target = 440B11281B0223B00060867A /* FYB Scoring */;
			targetProxy = 440B113D1B0223B00060867A /* PBXContainerItemProxy */;
		};
/* End PBXTargetDependency section */

/* Begin PBXVariantGroup section */
		440B11351B0223B00060867A /* LaunchScreen.xib */ = {
			isa = PBXVariantGroup;
			children = (
				440B11361B0223B00060867A /* Base */,
			);
			name = LaunchScreen.xib;
			sourceTree = "<group>";
		};
/* End PBXVariantGroup section */

/* Begin XCBuildConfiguration section */
		440B11441B0223B00060867A /* Debug */ = {
			isa = XCBuildConfiguration;
			buildSettings = {
				ALWAYS_SEARCH_USER_PATHS = NO;
				CLANG_CXX_LANGUAGE_STANDARD = "gnu++0x";
				CLANG_CXX_LIBRARY = "libc++";
				CLANG_ENABLE_MODULES = YES;
				CLANG_ENABLE_OBJC_ARC = YES;
				CLANG_WARN_BOOL_CONVERSION = YES;
				CLANG_WARN_CONSTANT_CONVERSION = YES;
				CLANG_WARN_DIRECT_OBJC_ISA_USAGE = YES_ERROR;
				CLANG_WARN_EMPTY_BODY = YES;
				CLANG_WARN_ENUM_CONVERSION = YES;
				CLANG_WARN_INT_CONVERSION = YES;
				CLANG_WARN_OBJC_ROOT_CLASS = YES_ERROR;
				CLANG_WARN_UNREACHABLE_CODE = YES;
				CLANG_WARN__DUPLICATE_METHOD_MATCH = YES;
				"CODE_SIGN_IDENTITY[sdk=iphoneos*]" = "iPhone Developer";
				COPY_PHASE_STRIP = NO;
				DEBUG_INFORMATION_FORMAT = "dwarf-with-dsym";
				ENABLE_STRICT_OBJC_MSGSEND = YES;
				GCC_C_LANGUAGE_STANDARD = gnu99;
				GCC_DYNAMIC_NO_PIC = NO;
				GCC_NO_COMMON_BLOCKS = YES;
				GCC_OPTIMIZATION_LEVEL = 0;
				GCC_PREPROCESSOR_DEFINITIONS = (
					"DEBUG=1",
					"$(inherited)",
				);
				GCC_SYMBOLS_PRIVATE_EXTERN = NO;
				GCC_WARN_64_TO_32_BIT_CONVERSION = YES;
				GCC_WARN_ABOUT_RETURN_TYPE = YES_ERROR;
				GCC_WARN_UNDECLARED_SELECTOR = YES;
				GCC_WARN_UNINITIALIZED_AUTOS = YES_AGGRESSIVE;
				GCC_WARN_UNUSED_FUNCTION = YES;
				GCC_WARN_UNUSED_VARIABLE = YES;
				IPHONEOS_DEPLOYMENT_TARGET = 8.3;
				MTL_ENABLE_DEBUG_INFO = YES;
				ONLY_ACTIVE_ARCH = YES;
				SDKROOT = iphoneos;
				TARGETED_DEVICE_FAMILY = 2;
			};
			name = Debug;
		};
		440B11451B0223B00060867A /* Release */ = {
			isa = XCBuildConfiguration;
			buildSettings = {
				ALWAYS_SEARCH_USER_PATHS = NO;
				CLANG_CXX_LANGUAGE_STANDARD = "gnu++0x";
				CLANG_CXX_LIBRARY = "libc++";
				CLANG_ENABLE_MODULES = YES;
				CLANG_ENABLE_OBJC_ARC = YES;
				CLANG_WARN_BOOL_CONVERSION = YES;
				CLANG_WARN_CONSTANT_CONVERSION = YES;
				CLANG_WARN_DIRECT_OBJC_ISA_USAGE = YES_ERROR;
				CLANG_WARN_EMPTY_BODY = YES;
				CLANG_WARN_ENUM_CONVERSION = YES;
				CLANG_WARN_INT_CONVERSION = YES;
				CLANG_WARN_OBJC_ROOT_CLASS = YES_ERROR;
				CLANG_WARN_UNREACHABLE_CODE = YES;
				CLANG_WARN__DUPLICATE_METHOD_MATCH = YES;
				"CODE_SIGN_IDENTITY[sdk=iphoneos*]" = "iPhone Developer";
				COPY_PHASE_STRIP = NO;
				DEBUG_INFORMATION_FORMAT = "dwarf-with-dsym";
				ENABLE_NS_ASSERTIONS = NO;
				ENABLE_STRICT_OBJC_MSGSEND = YES;
				GCC_C_LANGUAGE_STANDARD = gnu99;
				GCC_NO_COMMON_BLOCKS = YES;
				GCC_WARN_64_TO_32_BIT_CONVERSION = YES;
				GCC_WARN_ABOUT_RETURN_TYPE = YES_ERROR;
				GCC_WARN_UNDECLARED_SELECTOR = YES;
				GCC_WARN_UNINITIALIZED_AUTOS = YES_AGGRESSIVE;
				GCC_WARN_UNUSED_FUNCTION = YES;
				GCC_WARN_UNUSED_VARIABLE = YES;
				IPHONEOS_DEPLOYMENT_TARGET = 8.3;
				MTL_ENABLE_DEBUG_INFO = NO;
				SDKROOT = iphoneos;
				TARGETED_DEVICE_FAMILY = 2;
				VALIDATE_PRODUCT = YES;
			};
			name = Release;
		};
		440B11471B0223B00060867A /* Debug */ = {
			isa = XCBuildConfiguration;
			baseConfigurationReference = 3A72E6F2FC91EC4D0EB397C4 /* Pods.debug.xcconfig */;
			buildSettings = {
				ASSETCATALOG_COMPILER_APPICON_NAME = AppIcon;
				GCC_PRECOMPILE_PREFIX_HEADER = YES;
				GCC_PREFIX_HEADER = "/Users/Megan/Documents/iOS Projects/FYB-Scoring/FYB Scoring/FYB Scoring/FYBScoring-Prefix.pch";
				INFOPLIST_FILE = "FYB Scoring/Info.plist";
				IPHONEOS_DEPLOYMENT_TARGET = 8.0;
				LD_RUNPATH_SEARCH_PATHS = "$(inherited) @executable_path/Frameworks";
				PRODUCT_NAME = "$(TARGET_NAME)";
			};
			name = Debug;
		};
		440B11481B0223B00060867A /* Release */ = {
			isa = XCBuildConfiguration;
			baseConfigurationReference = 0528A6F9D78532B55ADF0451 /* Pods.release.xcconfig */;
			buildSettings = {
				ASSETCATALOG_COMPILER_APPICON_NAME = AppIcon;
				GCC_PRECOMPILE_PREFIX_HEADER = YES;
				GCC_PREFIX_HEADER = "/Users/Megan/Documents/iOS Projects/FYB-Scoring/FYB Scoring/FYB Scoring/FYBScoring-Prefix.pch";
				INFOPLIST_FILE = "FYB Scoring/Info.plist";
				IPHONEOS_DEPLOYMENT_TARGET = 8.0;
				LD_RUNPATH_SEARCH_PATHS = "$(inherited) @executable_path/Frameworks";
				PRODUCT_NAME = "$(TARGET_NAME)";
			};
			name = Release;
		};
		440B114A1B0223B00060867A /* Debug */ = {
			isa = XCBuildConfiguration;
			buildSettings = {
				BUNDLE_LOADER = "$(TEST_HOST)";
				FRAMEWORK_SEARCH_PATHS = (
					"$(SDKROOT)/Developer/Library/Frameworks",
					"$(inherited)",
				);
				GCC_PREPROCESSOR_DEFINITIONS = (
					"DEBUG=1",
					"$(inherited)",
				);
				INFOPLIST_FILE = "FYB ScoringTests/Info.plist";
				LD_RUNPATH_SEARCH_PATHS = "$(inherited) @executable_path/Frameworks @loader_path/Frameworks";
				PRODUCT_NAME = "$(TARGET_NAME)";
				TEST_HOST = "$(BUILT_PRODUCTS_DIR)/FYB Scoring.app/FYB Scoring";
			};
			name = Debug;
		};
		440B114B1B0223B00060867A /* Release */ = {
			isa = XCBuildConfiguration;
			buildSettings = {
				BUNDLE_LOADER = "$(TEST_HOST)";
				FRAMEWORK_SEARCH_PATHS = (
					"$(SDKROOT)/Developer/Library/Frameworks",
					"$(inherited)",
				);
				INFOPLIST_FILE = "FYB ScoringTests/Info.plist";
				LD_RUNPATH_SEARCH_PATHS = "$(inherited) @executable_path/Frameworks @loader_path/Frameworks";
				PRODUCT_NAME = "$(TARGET_NAME)";
				TEST_HOST = "$(BUILT_PRODUCTS_DIR)/FYB Scoring.app/FYB Scoring";
			};
			name = Release;
		};
/* End XCBuildConfiguration section */

/* Begin XCConfigurationList section */
		440B11241B0223B00060867A /* Build configuration list for PBXProject "FYB Scoring" */ = {
			isa = XCConfigurationList;
			buildConfigurations = (
				440B11441B0223B00060867A /* Debug */,
				440B11451B0223B00060867A /* Release */,
			);
			defaultConfigurationIsVisible = 0;
			defaultConfigurationName = Release;
		};
		440B11461B0223B00060867A /* Build configuration list for PBXNativeTarget "FYB Scoring" */ = {
			isa = XCConfigurationList;
			buildConfigurations = (
				440B11471B0223B00060867A /* Debug */,
				440B11481B0223B00060867A /* Release */,
			);
			defaultConfigurationIsVisible = 0;
			defaultConfigurationName = Release;
		};
		440B11491B0223B00060867A /* Build configuration list for PBXNativeTarget "FYB ScoringTests" */ = {
			isa = XCConfigurationList;
			buildConfigurations = (
				440B114A1B0223B00060867A /* Debug */,
				440B114B1B0223B00060867A /* Release */,
			);
			defaultConfigurationIsVisible = 0;
			defaultConfigurationName = Release;
		};
/* End XCConfigurationList section */
	};
	rootObject = 440B11211B0223B00060867A /* Project object */;
}
